
Microsoft Visual Studio Solution File, Format Version 12.00
# Visual Studio Version 17
VisualStudioVersion = 17.2.32526.322
MinimumVisualStudioVersion = 10.0.40219.1
Project("{FAE04EC0-301F-11D3-BF4B-00C04F79EFBC}") = "FamilyCounter", "FamilyCounter\FamilyCounter.csproj", "{60BA7DF4-8BA1-44B5-9BF1-224357A4ABE4}"
EndProject
Global
	GlobalSection(SolutionConfigurationPlatforms) = preSolution
		Debug|Any CPU = Debug|Any CPU
		Release|Any CPU = Release|Any CPU
	EndGlobalSection
	GlobalSection(ProjectConfigurationPlatforms) = postSolution
		{60BA7DF4-8BA1-44B5-9BF1-224357A4ABE4}.Debug|Any CPU.ActiveCfg = Debug|Any CPU
		{60BA7DF4-8BA1-44B5-9BF1-224357A4ABE4}.Debug|Any CPU.Build.0 = Debug|Any CPU
		{60BA7DF4-8BA1-44B5-9BF1-224357A4ABE4}.Release|Any CPU.ActiveCfg = Release|Any CPU
		{60BA7DF4-8BA1-44B5-9BF1-224357A4ABE4}.Release|Any CPU.Build.0 = Release|Any CPU
	EndGlobalSection
	GlobalSection(SolutionProperties) = preSolution
		HideSolutionNode = FALSE
	EndGlobalSection
	GlobalSection(ExtensibilityGlobals) = postSolution
		SolutionGuid = {8F0E0F47-1DAD-4100-A187-B56E0B26BA57}
	EndGlobalSection
EndGlobal
